
Microsoft Visual Studio Solution File, Format Version 10.00
# Visual Studio 2008
Project("{8BC9CEB8-8B4A-11D0-8D11-00A0C91BC942}") = "3dptv_vc2008", "3dptv_vc2008\3dptv.vcproj", "{E00A7987-43D3-401E-B02B-3E80F54CD7F7}"
EndProject
Global
	GlobalSection(SolutionConfigurationPlatforms) = preSolution
		Debug|Win32 = Debug|Win32
		Release|Win32 = Release|Win32
	EndGlobalSection
	GlobalSection(ProjectConfigurationPlatforms) = postSolution
		{E00A7987-43D3-401E-B02B-3E80F54CD7F7}.Debug|Win32.ActiveCfg = Debug|Win32
		{E00A7987-43D3-401E-B02B-3E80F54CD7F7}.Debug|Win32.Build.0 = Debug|Win32
		{E00A7987-43D3-401E-B02B-3E80F54CD7F7}.Release|Win32.ActiveCfg = Release|Win32
		{E00A7987-43D3-401E-B02B-3E80F54CD7F7}.Release|Win32.Build.0 = Release|Win32
	EndGlobalSection
	GlobalSection(SolutionProperties) = preSolution
		HideSolutionNode = FALSE
	EndGlobalSection
EndGlobal
